<?xml version="1.0" encoding="utf-8"?>
<Project ToolsVersion="4.0" xmlns="http://schemas.microsoft.com/developer/msbuild/2003">
  <ItemGroup>
    <Filter Include="Source Files">
      <UniqueIdentifier>{4FC737F1-C7A5-4376-A066-2A32D752A2FF}</UniqueIdentifier>
      <Extensions>cpp;c;cc;cxx;c++;cppm;ixx;def;odl;idl;hpj;bat;asm;asmx</Extensions>
    </Filter>
    <Filter Include="Engine">
      <UniqueIdentifier>{796558ef-63ce-468d-a07b-164a3814f85f}</UniqueIdentifier>
    </Filter>
    <Filter Include="Game">
      <UniqueIdentifier>{2acde7f6-be63-479a-b64e-d934b5941313}</UniqueIdentifier>
    </Filter>
    <Filter Include="Engine\Shaders">
      <UniqueIdentifier>{984dc2ea-b5ca-4ca2-942d-5bd0219c8ee5}</UniqueIdentifier>
    </Filter>
    <Filter Include="Engine\Events">
      <UniqueIdentifier>{c16df76e-c6c0-4ec3-9c18-f78fab8b15fc}</UniqueIdentifier>
    </Filter>
    <Filter Include="Engine\GUI">
      <UniqueIdentifier>{fa575a26-8cfa-4fa4-8363-3ebc6129b1d5}</UniqueIdentifier>
    </Filter>
    <Filter Include="Engine\Foundation">
      <UniqueIdentifier>{f1fd3bc5-c038-4fe2-9876-f9c0fdbde74c}</UniqueIdentifier>
    </Filter>
    <Filter Include="Engine\Display">
      <UniqueIdentifier>{8b21f754-7af8-4a61-8938-7ded27fb1ae3}</UniqueIdentifier>
    </Filter>
  </ItemGroup>
  <ItemGroup>
    <ClInclude Include="AssetEnums.h">
      <Filter>Game</Filter>
    </ClInclude>
    <ClInclude Include="Assets.h">
      <Filter>Game</Filter>
    </ClInclude>
    <ClInclude Include="Entity.h">
      <Filter>Game</Filter>
    </ClInclude>
    <ClInclude Include="GameManager.h">
      <Filter>Game</Filter>
    </ClInclude>
    <ClInclude Include="BasicShader.h">
      <Filter>Engine\Shaders</Filter>
    </ClInclude>
    <ClInclude Include="GBuffer.h">
      <Filter>Engine\Shaders</Filter>
    </ClInclude>
    <ClInclude Include="LightShader.h">
      <Filter>Engine\Shaders</Filter>
    </ClInclude>
    <ClInclude Include="PostProcessor.h">
      <Filter>Engine\Shaders</Filter>
    </ClInclude>
    <ClInclude Include="Shader.h">
      <Filter>Engine\Shaders</Filter>
    </ClInclude>
    <ClInclude Include="Evt_Display.h">
      <Filter>Engine\Events</Filter>
    </ClInclude>
    <ClInclude Include="Evt_Keyboard.h">
      <Filter>Engine\Events</Filter>
    </ClInclude>
    <ClInclude Include="Evt_Mouse.h">
      <Filter>Engine\Events</Filter>
    </ClInclude>
    <ClInclude Include="Button.h">
      <Filter>Engine\GUI</Filter>
    </ClInclude>
    <ClInclude Include="Image.h">
      <Filter>Engine\GUI</Filter>
    </ClInclude>
    <ClInclude Include="Text.h">
      <Filter>Engine\GUI</Filter>
    </ClInclude>
    <ClInclude Include="Light.h">
      <Filter>Engine\Foundation</Filter>
    </ClInclude>
    <ClInclude Include="Mesh.h">
      <Filter>Engine\Foundation</Filter>
    </ClInclude>
    <ClInclude Include="stb_image.h">
      <Filter>Engine\Foundation</Filter>
    </ClInclude>
    <ClInclude Include="Texture.h">
      <Filter>Engine\Foundation</Filter>
    </ClInclude>
    <ClInclude Include="Transform.h">
      <Filter>Engine\Foundation</Filter>
    </ClInclude>
    <ClInclude Include="Camera.h">
      <Filter>Engine\Foundation</Filter>
    </ClInclude>
    <ClInclude Include="Model.h">
      <Filter>Engine\Foundation</Filter>
    </ClInclude>
    <ClInclude Include="Display.h">
      <Filter>Engine\Display</Filter>
    </ClInclude>
    <ClInclude Include="GameDisplay.h">
      <Filter>Engine\Display</Filter>
    </ClInclude>
  </ItemGroup>
  <ItemGroup>
    <ClCompile Include="main.cpp">
      <Filter>Source Files</Filter>
    </ClCompile>
    <ClCompile Include="Assets.cpp">
      <Filter>Game</Filter>
    </ClCompile>
    <ClCompile Include="Entity.cpp">
      <Filter>Game</Filter>
    </ClCompile>
    <ClCompile Include="GameManager.cpp">
      <Filter>Game</Filter>
    </ClCompile>
    <ClCompile Include="BasicShader.cpp">
      <Filter>Engine\Shaders</Filter>
    </ClCompile>
    <ClCompile Include="GBuffer.cpp">
      <Filter>Engine\Shaders</Filter>
    </ClCompile>
    <ClCompile Include="LightShader.cpp">
      <Filter>Engine\Shaders</Filter>
    </ClCompile>
    <ClCompile Include="PostProcessor.cpp">
      <Filter>Engine\Shaders</Filter>
    </ClCompile>
    <ClCompile Include="Shader.cpp">
      <Filter>Engine\Shaders</Filter>
    </ClCompile>
    <ClCompile Include="Evt_Display.cpp">
      <Filter>Engine\Events</Filter>
    </ClCompile>
    <ClCompile Include="Evt_Keyboard.cpp">
      <Filter>Engine\Events</Filter>
    </ClCompile>
    <ClCompile Include="Evt_Mouse.cpp">
      <Filter>Engine\Events</Filter>
    </ClCompile>
    <ClCompile Include="Button.cpp">
      <Filter>Engine\GUI</Filter>
    </ClCompile>
    <ClCompile Include="Image.cpp">
      <Filter>Engine\GUI</Filter>
    </ClCompile>
    <ClCompile Include="Text.cpp">
      <Filter>Engine\GUI</Filter>
    </ClCompile>
    <ClCompile Include="Mesh.cpp">
      <Filter>Engine\Foundation</Filter>
    </ClCompile>
    <ClCompile Include="stb_image.cpp">
      <Filter>Engine\Foundation</Filter>
    </ClCompile>
    <ClCompile Include="Texture.cpp">
      <Filter>Engine\Foundation</Filter>
    </ClCompile>
    <ClCompile Include="Transform.cpp">
      <Filter>Engine\Foundation</Filter>
    </ClCompile>
    <ClCompile Include="Camera.cpp">
      <Filter>Engine\Foundation</Filter>
    </ClCompile>
    <ClCompile Include="Model.cpp">
      <Filter>Engine\Foundation</Filter>
    </ClCompile>
    <ClCompile Include="Display.cpp">
      <Filter>Engine\Display</Filter>
    </ClCompile>
    <ClCompile Include="GameDisplay.cpp">
      <Filter>Engine\Display</Filter>
    </ClCompile>
  </ItemGroup>
</Project>